
Microsoft Visual Studio Solution File, Format Version 12.00
# Visual Studio 15
Project("{FAE04EC0-301F-11D3-BF4B-00C04F79EFBC}") = "ConsoleUI", "TimCoreyDepInversionTut\ConsoleUI.csproj", "{B57E47BA-3E42-41E3-B66E-220D3C400E99}"
EndProject
Project("{FAE04EC0-301F-11D3-BF4B-00C04F79EFBC}") = "DemoLibrary", "DemoLibrary\DemoLibrary.csproj", "{6A589886-0D8A-4935-8504-CD0B17DC3269}"
EndProject
Global
	GlobalSection(SolutionConfigurationPlatforms) = preSolution
		Debug|Any CPU = Debug|Any CPU
		Release|Any CPU = Release|Any CPU
	EndGlobalSection
	GlobalSection(ProjectConfigurationPlatforms) = postSolution
		{B57E47BA-3E42-41E3-B66E-220D3C400E99}.Debug|Any CPU.ActiveCfg = Debug|Any CPU
		{B57E47BA-3E42-41E3-B66E-220D3C400E99}.Debug|Any CPU.Build.0 = Debug|Any CPU
		{B57E47BA-3E42-41E3-B66E-220D3C400E99}.Release|Any CPU.ActiveCfg = Release|Any CPU
		{B57E47BA-3E42-41E3-B66E-220D3C400E99}.Release|Any CPU.Build.0 = Release|Any CPU
		{6A589886-0D8A-4935-8504-CD0B17DC3269}.Debug|Any CPU.ActiveCfg = Debug|Any CPU
		{6A589886-0D8A-4935-8504-CD0B17DC3269}.Debug|Any CPU.Build.0 = Debug|Any CPU
		{6A589886-0D8A-4935-8504-CD0B17DC3269}.Release|Any CPU.ActiveCfg = Release|Any CPU
		{6A589886-0D8A-4935-8504-CD0B17DC3269}.Release|Any CPU.Build.0 = Release|Any CPU
	EndGlobalSection
EndGlobal
